
Microsoft Visual Studio Solution File, Format Version 12.00
# Visual Studio Version 17
VisualStudioVersion = 17.5.33502.453
MinimumVisualStudioVersion = 10.0.40219.1
Project("{FAE04EC0-301F-11D3-BF4B-00C04F79EFBC}") = "PersonalFinanceManagmentProject", "PersonalFinanceManagmentProject.csproj", "{D775FEEE-EB8A-4907-8A35-FDA89D9ACC8B}"
EndProject
Project("{FAE04EC0-301F-11D3-BF4B-00C04F79EFBC}") = "PersonalFinanceManagmentTests", "..\PersonalFinanceManagmentTests\PersonalFinanceManagmentTests.csproj", "{B58C1ED0-A6A3-4CD5-BBD3-33AF32847877}"
EndProject
Global
	GlobalSection(SolutionConfigurationPlatforms) = preSolution
		Debug|Any CPU = Debug|Any CPU
		Release|Any CPU = Release|Any CPU
	EndGlobalSection
	GlobalSection(ProjectConfigurationPlatforms) = postSolution
		{D775FEEE-EB8A-4907-8A35-FDA89D9ACC8B}.Debug|Any CPU.ActiveCfg = Debug|Any CPU
		{D775FEEE-EB8A-4907-8A35-FDA89D9ACC8B}.Debug|Any CPU.Build.0 = Debug|Any CPU
		{D775FEEE-EB8A-4907-8A35-FDA89D9ACC8B}.Release|Any CPU.ActiveCfg = Release|Any CPU
		{D775FEEE-EB8A-4907-8A35-FDA89D9ACC8B}.Release|Any CPU.Build.0 = Release|Any CPU
		{B58C1ED0-A6A3-4CD5-BBD3-33AF32847877}.Debug|Any CPU.ActiveCfg = Debug|Any CPU
		{B58C1ED0-A6A3-4CD5-BBD3-33AF32847877}.Debug|Any CPU.Build.0 = Debug|Any CPU
		{B58C1ED0-A6A3-4CD5-BBD3-33AF32847877}.Release|Any CPU.ActiveCfg = Release|Any CPU
		{B58C1ED0-A6A3-4CD5-BBD3-33AF32847877}.Release|Any CPU.Build.0 = Release|Any CPU
	EndGlobalSection
	GlobalSection(SolutionProperties) = preSolution
		HideSolutionNode = FALSE
	EndGlobalSection
	GlobalSection(ExtensibilityGlobals) = postSolution
		SolutionGuid = {C93625D3-A457-4B05-9286-CB4DAD785E34}
	EndGlobalSection
EndGlobal
